{
  "name": "sherly-vue3",
  "version": "0.0.0",
  "lockfileVersion": 2,
  "requires": true,
  "packages": {
    "": {
      "name": "sherly-vue3",
      "version": "0.0.0",
      "dependencies": {
        "pinia": "^2.0.28",
        "vue": "^3.2.45",
        "vue-router": "^4.1.6"
      },
      "devDependencies": {
        "@types/node": "^18.11.18",
        "@vitejs/plugin-vue": "^4.0.0",
        "typescript": "^4.9.3",
        "vite": "^4.0.0",
        "vue-tsc": "^1.0.11"
      }
    },
    "node_modules/@babel/parser": {
      "version": "7.20.7",
      "license": "MIT",
      "bin": {
        "parser": "bin/babel-parser.js"
      },
      "engines": {
        "node": ">=6.0.0"
      }
    },
    "node_modules/@esbuild/win32-x64": {
      "version": "0.16.16",
      "cpu": [
        "x64"
      ],
      "dev": true,
      "license": "MIT",
      "optional": true,
      "os": [
        "win32"
      ],
      "engines": {
        "node": ">=12"
      }
    },
    "node_modules/@types/node": {
      "version": "18.11.18",
      "resolved": "https://registry.npmmirror.com/@types/node/-/node-18.11.18.tgz",
      "integrity": "sha512-DHQpWGjyQKSHj3ebjFI/wRKcqQcdR+MoFBygntYOZytCqNfkd2ZC4ARDJ2DQqhjH5p85Nnd3jhUJIXrszFX/JA==",
      "dev": true
    },
    "node_modules/@vitejs/plugin-vue": {
      "version": "4.0.0",
      "dev": true,
      "license": "MIT",
      "engines": {
        "node": "^14.18.0 || >=16.0.0"
      },
      "peerDependencies": {
        "vite": "^4.0.0",
        "vue": "^3.2.25"
      }
    },
    "node_modules/@volar/language-core": {
      "version": "1.0.24",
      "dev": true,
      "license": "MIT",
      "dependencies": {
        "@volar/source-map": "1.0.24",
        "muggle-string": "^0.1.0"
      }
    },
    "node_modules/@volar/source-map": {
      "version": "1.0.24",
      "dev": true,
      "license": "MIT",
      "dependencies": {
        "muggle-string": "^0.1.0"
      }
    },
    "node_modules/@volar/typescript": {
      "version": "1.0.24",
      "dev": true,
      "license": "MIT",
      "dependencies": {
        "@volar/language-core": "1.0.24"
      }
    },
    "node_modules/@volar/vue-language-core": {
      "version": "1.0.24",
      "dev": true,
      "license": "MIT",
      "dependencies": {
        "@volar/language-core": "1.0.24",
        "@volar/source-map": "1.0.24",
        "@vue/compiler-dom": "^3.2.45",
        "@vue/compiler-sfc": "^3.2.45",
        "@vue/reactivity": "^3.2.45",
        "@vue/shared": "^3.2.45",
        "minimatch": "^5.1.1",
        "vue-template-compiler": "^2.7.14"
      }
    },
    "node_modules/@volar/vue-typescript": {
      "version": "1.0.24",
      "dev": true,
      "license": "MIT",
      "dependencies": {
        "@volar/typescript": "1.0.24",
        "@volar/vue-language-core": "1.0.24"
      }
    },
    "node_modules/@vue/compiler-core": {
      "version": "3.2.45",
      "license": "MIT",
      "dependencies": {
        "@babel/parser": "^7.16.4",
        "@vue/shared": "3.2.45",
        "estree-walker": "^2.0.2",
        "source-map": "^0.6.1"
      }
    },
    "node_modules/@vue/compiler-dom": {
      "version": "3.2.45",
      "license": "MIT",
      "dependencies": {
        "@vue/compiler-core": "3.2.45",
        "@vue/shared": "3.2.45"
      }
    },
    "node_modules/@vue/compiler-sfc": {
      "version": "3.2.45",
      "license": "MIT",
      "dependencies": {
        "@babel/parser": "^7.16.4",
        "@vue/compiler-core": "3.2.45",
        "@vue/compiler-dom": "3.2.45",
        "@vue/compiler-ssr": "3.2.45",
        "@vue/reactivity-transform": "3.2.45",
        "@vue/shared": "3.2.45",
        "estree-walker": "^2.0.2",
        "magic-string": "^0.25.7",
        "postcss": "^8.1.10",
        "source-map": "^0.6.1"
      }
    },
    "node_modules/@vue/compiler-ssr": {
      "version": "3.2.45",
      "license": "MIT",
      "dependencies": {
        "@vue/compiler-dom": "3.2.45",
        "@vue/shared": "3.2.45"
      }
    },
    "node_modules/@vue/devtools-api": {
      "version": "6.4.5",
      "resolved": "https://registry.npmmirror.com/@vue/devtools-api/-/devtools-api-6.4.5.tgz",
      "integrity": "sha512-JD5fcdIuFxU4fQyXUu3w2KpAJHzTVdN+p4iOX2lMWSHMOoQdMAcpFLZzm9Z/2nmsoZ1a96QEhZ26e50xLBsgOQ=="
    },
    "node_modules/@vue/reactivity": {
      "version": "3.2.45",
      "license": "MIT",
      "dependencies": {
        "@vue/shared": "3.2.45"
      }
    },
    "node_modules/@vue/reactivity-transform": {
      "version": "3.2.45",
      "license": "MIT",
      "dependencies": {
        "@babel/parser": "^7.16.4",
        "@vue/compiler-core": "3.2.45",
        "@vue/shared": "3.2.45",
        "estree-walker": "^2.0.2",
        "magic-string": "^0.25.7"
      }
    },
    "node_modules/@vue/runtime-core": {
      "version": "3.2.45",
      "license": "MIT",
      "dependencies": {
        "@vue/reactivity": "3.2.45",
        "@vue/shared": "3.2.45"
      }
    },
    "node_modules/@vue/runtime-dom": {
      "version": "3.2.45",
      "license": "MIT",
      "dependencies": {
        "@vue/runtime-core": "3.2.45",
        "@vue/shared": "3.2.45",
        "csstype": "^2.6.8"
      }
    },
    "node_modules/@vue/server-renderer": {
      "version": "3.2.45",
      "license": "MIT",
      "dependencies": {
        "@vue/compiler-ssr": "3.2.45",
        "@vue/shared": "3.2.45"
      },
      "peerDependencies": {
        "vue": "3.2.45"
      }
    },
    "node_modules/@vue/shared": {
      "version": "3.2.45",
      "license": "MIT"
    },
    "node_modules/balanced-match": {
      "version": "1.0.2",
      "dev": true,
      "license": "MIT"
    },
    "node_modules/brace-expansion": {
      "version": "2.0.1",
      "dev": true,
      "license": "MIT",
      "dependencies": {
        "balanced-match": "^1.0.0"
      }
    },
    "node_modules/csstype": {
      "version": "2.6.21",
      "license": "MIT"
    },
    "node_modules/de-indent": {
      "version": "1.0.2",
      "dev": true,
      "license": "MIT"
    },
    "node_modules/esbuild": {
      "version": "0.16.16",
      "dev": true,
      "hasInstallScript": true,
      "license": "MIT",
      "bin": {
        "esbuild": "bin/esbuild"
      },
      "engines": {
        "node": ">=12"
      },
      "optionalDependencies": {
        "@esbuild/android-arm": "0.16.16",
        "@esbuild/android-arm64": "0.16.16",
        "@esbuild/android-x64": "0.16.16",
        "@esbuild/darwin-arm64": "0.16.16",
        "@esbuild/darwin-x64": "0.16.16",
        "@esbuild/freebsd-arm64": "0.16.16",
        "@esbuild/freebsd-x64": "0.16.16",
        "@esbuild/linux-arm": "0.16.16",
        "@esbuild/linux-arm64": "0.16.16",
        "@esbuild/linux-ia32": "0.16.16",
        "@esbuild/linux-loong64": "0.16.16",
        "@esbuild/linux-mips64el": "0.16.16",
        "@esbuild/linux-ppc64": "0.16.16",
        "@esbuild/linux-riscv64": "0.16.16",
        "@esbuild/linux-s390x": "0.16.16",
        "@esbuild/linux-x64": "0.16.16",
        "@esbuild/netbsd-x64": "0.16.16",
        "@esbuild/openbsd-x64": "0.16.16",
        "@esbuild/sunos-x64": "0.16.16",
        "@esbuild/win32-arm64": "0.16.16",
        "@esbuild/win32-ia32": "0.16.16",
        "@esbuild/win32-x64": "0.16.16"
      }
    },
    "node_modules/esbuild/node_modules/@esbuild/android-arm": {
      "version": "0.16.16",
      "resolved": "https://registry.npmmirror.com/@esbuild/android-arm/-/android-arm-0.16.16.tgz",
      "integrity": "sha512-BUuWMlt4WSXod1HSl7aGK8fJOsi+Tab/M0IDK1V1/GstzoOpqc/v3DqmN8MkuapPKQ9Br1WtLAN4uEgWR8x64A==",
      "cpu": [
        "arm"
      ],
      "dev": true,
      "optional": true,
      "os": [
        "android"
      ],
      "engines": {
        "node": ">=12"
      }
    },
    "node_modules/esbuild/node_modules/@esbuild/android-arm64": {
      "version": "0.16.16",
      "resolved": "https://registry.npmmirror.com/@esbuild/android-arm64/-/android-arm64-0.16.16.tgz",
      "integrity": "sha512-hFHVAzUKp9Tf8psGq+bDVv+6hTy1bAOoV/jJMUWwhUnIHsh6WbFMhw0ZTkqDuh7TdpffFoHOiIOIxmHc7oYRBQ==",
      "cpu": [
        "arm64"
      ],
      "dev": true,
      "optional": true,
      "os": [
        "android"
      ],
      "engines": {
        "node": ">=12"
      }
    },
    "node_modules/esbuild/node_modules/@esbuild/android-x64": {
      "version": "0.16.16",
      "resolved": "https://registry.npmmirror.com/@esbuild/android-x64/-/android-x64-0.16.16.tgz",
      "integrity": "sha512-9WhxJpeb6XumlfivldxqmkJepEcELekmSw3NkGrs+Edq6sS5KRxtUBQuKYDD7KqP59dDkxVbaoPIQFKWQG0KLg==",
      "cpu": [
        "x64"
      ],
      "dev": true,
      "optional": true,
      "os": [
        "android"
      ],
      "engines": {
        "node": ">=12"
      }
    },
    "node_modules/esbuild/node_modules/@esbuild/darwin-arm64": {
      "version": "0.16.16",
      "resolved": "https://registry.npmmirror.com/@esbuild/darwin-arm64/-/darwin-arm64-0.16.16.tgz",
      "integrity": "sha512-8Z+wld+vr/prHPi2O0X7o1zQOfMbXWGAw9hT0jEyU/l/Yrg+0Z3FO9pjPho72dVkZs4ewZk0bDOFLdZHm8jEfw==",
      "cpu": [
        "arm64"
      ],
      "dev": true,
      "optional": true,
      "os": [
        "darwin"
      ],
      "engines": {
        "node": ">=12"
      }
    },
    "node_modules/esbuild/node_modules/@esbuild/darwin-x64": {
      "version": "0.16.16",
      "resolved": "https://registry.npmmirror.com/@esbuild/darwin-x64/-/darwin-x64-0.16.16.tgz",
      "integrity": "sha512-CYkxVvkZzGCqFrt7EgjFxQKhlUPyDkuR9P0Y5wEcmJqVI8ncerOIY5Kej52MhZyzOBXkYrJgZeVZC9xXXoEg9A==",
      "cpu": [
        "x64"
      ],
      "dev": true,
      "optional": true,
      "os": [
        "darwin"
      ],
      "engines": {
        "node": ">=12"
      }
    },
    "node_modules/esbuild/node_modules/@esbuild/freebsd-arm64": {
      "version": "0.16.16",
      "resolved": "https://registry.npmmirror.com/@esbuild/freebsd-arm64/-/freebsd-arm64-0.16.16.tgz",
      "integrity": "sha512-fxrw4BYqQ39z/3Ja9xj/a1gMsVq0xEjhSyI4a9MjfvDDD8fUV8IYliac96i7tzZc3+VytyXX+XNsnpEk5sw5Wg==",
      "cpu": [
        "arm64"
      ],
      "dev": true,
      "optional": true,
      "os": [
        "freebsd"
      ],
      "engines": {
        "node": ">=12"
      }
    },
    "node_modules/esbuild/node_modules/@esbuild/freebsd-x64": {
      "version": "0.16.16",
      "resolved": "https://registry.npmmirror.com/@esbuild/freebsd-x64/-/freebsd-x64-0.16.16.tgz",
      "integrity": "sha512-8p3v1D+du2jiDvSoNVimHhj7leSfST9YlKsAEO7etBfuqjaBMndo0fmjNLp0JCMld+XIx9L80tooOkyUv1a1PQ==",
      "cpu": [
        "x64"
      ],
      "dev": true,
      "optional": true,
      "os": [
        "freebsd"
      ],
      "engines": {
        "node": ">=12"
      }
    },
    "node_modules/esbuild/node_modules/@esbuild/linux-arm": {
      "version": "0.16.16",
      "resolved": "https://registry.npmmirror.com/@esbuild/linux-arm/-/linux-arm-0.16.16.tgz",
      "integrity": "sha512-bYaocE1/PTMRmkgSckZ0D0Xn2nox8v2qlk+MVVqm+VECNKDdZvghVZtH41dNtBbwADSvA6qkCHGYeWm9LrNCBw==",
      "cpu": [
        "arm"
      ],
      "dev": true,
      "optional": true,
      "os": [
        "linux"
      ],
      "engines": {
        "node": ">=12"
      }
    },
    "node_modules/esbuild/node_modules/@esbuild/linux-arm64": {
      "version": "0.16.16",
      "resolved": "https://registry.npmmirror.com/@esbuild/linux-arm64/-/linux-arm64-0.16.16.tgz",
      "integrity": "sha512-N3u6BBbCVY3xeP2D8Db7QY8I+nZ+2AgOopUIqk+5yCoLnsWkcVxD2ay5E9iIdvApFi1Vg1lZiiwaVp8bOpAc4A==",
      "cpu": [
        "arm64"
      ],
      "dev": true,
      "optional": true,
      "os": [
        "linux"
      ],
      "engines": {
        "node": ">=12"
      }
    },
    "node_modules/esbuild/node_modules/@esbuild/linux-ia32": {
      "version": "0.16.16",
      "resolved": "https://registry.npmmirror.com/@esbuild/linux-ia32/-/linux-ia32-0.16.16.tgz",
      "integrity": "sha512-dxjqLKUW8GqGemoRT9v8IgHk+T4tRm1rn1gUcArsp26W9EkK/27VSjBVUXhEG5NInHZ92JaQ3SSMdTwv/r9a2A==",
      "cpu": [
        "ia32"
      ],
      "dev": true,
      "optional": true,
      "os": [
        "linux"
      ],
      "engines": {
        "node": ">=12"
      }
    },
    "node_modules/esbuild/node_modules/@esbuild/linux-loong64": {
      "version": "0.16.16",
      "resolved": "https://registry.npmmirror.com/@esbuild/linux-loong64/-/linux-loong64-0.16.16.tgz",
      "integrity": "sha512-MdUFggHjRiCCwNE9+1AibewoNq6wf94GLB9Q9aXwl+a75UlRmbRK3h6WJyrSGA6ZstDJgaD2wiTSP7tQNUYxwA==",
      "cpu": [
        "loong64"
      ],
      "dev": true,
      "optional": true,
      "os": [
        "linux"
      ],
      "engines": {
        "node": ">=12"
      }
    },
    "node_modules/esbuild/node_modules/@esbuild/linux-mips64el": {
      "version": "0.16.16",
      "resolved": "https://registry.npmmirror.com/@esbuild/linux-mips64el/-/linux-mips64el-0.16.16.tgz",
      "integrity": "sha512-CO3YmO7jYMlGqGoeFeKzdwx/bx8Vtq/SZaMAi+ZLDUnDUdfC7GmGwXzIwDJ70Sg+P9pAemjJyJ1icKJ9R3q/Fg==",
      "cpu": [
        "mips64el"
      ],
      "dev": true,
      "optional": true,
      "os": [
        "linux"
      ],
      "engines": {
        "node": ">=12"
      }
    },
    "node_modules/esbuild/node_modules/@esbuild/linux-ppc64": {
      "version": "0.16.16",
      "resolved": "https://registry.npmmirror.com/@esbuild/linux-ppc64/-/linux-ppc64-0.16.16.tgz",
      "integrity": "sha512-DSl5Czh5hCy/7azX0Wl9IdzPHX2H8clC6G87tBnZnzUpNgRxPFhfmArbaHoAysu4JfqCqbB/33u/GL9dUgCBAw==",
      "cpu": [
        "ppc64"
      ],
      "dev": true,
      "optional": true,
      "os": [
        "linux"
      ],
      "engines": {
        "node": ">=12"
      }
    },
    "node_modules/esbuild/node_modules/@esbuild/linux-riscv64": {
      "version": "0.16.16",
      "resolved": "https://registry.npmmirror.com/@esbuild/linux-riscv64/-/linux-riscv64-0.16.16.tgz",
      "integrity": "sha512-sSVVMEXsqf1fQu0j7kkhXMViroixU5XoaJXl1u/u+jbXvvhhCt9YvA/B6VM3aM/77HuRQ94neS5bcisijGnKFQ==",
      "cpu": [
        "riscv64"
      ],
      "dev": true,
      "optional": true,
      "os": [
        "linux"
      ],
      "engines": {
        "node": ">=12"
      }
    },
    "node_modules/esbuild/node_modules/@esbuild/linux-s390x": {
      "version": "0.16.16",
      "resolved": "https://registry.npmmirror.com/@esbuild/linux-s390x/-/linux-s390x-0.16.16.tgz",
      "integrity": "sha512-jRqBCre9gZGoCdCN/UWCCMwCMsOg65IpY9Pyj56mKCF5zXy9d60kkNRdDN6YXGjr3rzcC4DXnS/kQVCGcC4yPQ==",
      "cpu": [
        "s390x"
      ],
      "dev": true,
      "optional": true,
      "os": [
        "linux"
      ],
      "engines": {
        "node": ">=12"
      }
    },
    "node_modules/esbuild/node_modules/@esbuild/linux-x64": {
      "version": "0.16.16",
      "resolved": "https://registry.npmmirror.com/@esbuild/linux-x64/-/linux-x64-0.16.16.tgz",
      "integrity": "sha512-G1+09TopOzo59/55lk5Q0UokghYLyHTKKzD5lXsAOOlGDbieGEFJpJBr3BLDbf7cz89KX04sBeExAR/pL/26sA==",
      "cpu": [
        "x64"
      ],
      "dev": true,
      "optional": true,
      "os": [
        "linux"
      ],
      "engines": {
        "node": ">=12"
      }
    },
    "node_modules/esbuild/node_modules/@esbuild/netbsd-x64": {
      "version": "0.16.16",
      "resolved": "https://registry.npmmirror.com/@esbuild/netbsd-x64/-/netbsd-x64-0.16.16.tgz",
      "integrity": "sha512-xwjGJB5wwDEujLaJIrSMRqWkbigALpBNcsF9SqszoNKc+wY4kPTdKrSxiY5ik3IatojePP+WV108MvF6q6np4w==",
      "cpu": [
        "x64"
      ],
      "dev": true,
      "optional": true,
      "os": [
        "netbsd"
      ],
      "engines": {
        "node": ">=12"
      }
    },
    "node_modules/esbuild/node_modules/@esbuild/openbsd-x64": {
      "version": "0.16.16",
      "resolved": "https://registry.npmmirror.com/@esbuild/openbsd-x64/-/openbsd-x64-0.16.16.tgz",
      "integrity": "sha512-yeERkoxG2nR2oxO5n+Ms7MsCeNk23zrby2GXCqnfCpPp7KNc0vxaaacIxb21wPMfXXRhGBrNP4YLIupUBrWdlg==",
      "cpu": [
        "x64"
      ],
      "dev": true,
      "optional": true,
      "os": [
        "openbsd"
      ],
      "engines": {
        "node": ">=12"
      }
    },
    "node_modules/esbuild/node_modules/@esbuild/sunos-x64": {
      "version": "0.16.16",
      "resolved": "https://registry.npmmirror.com/@esbuild/sunos-x64/-/sunos-x64-0.16.16.tgz",
      "integrity": "sha512-nHfbEym0IObXPhtX6Va3H5GaKBty2kdhlAhKmyCj9u255ktAj0b1YACUs9j5H88NRn9cJCthD1Ik/k9wn8YKVg==",
      "cpu": [
        "x64"
      ],
      "dev": true,
      "optional": true,
      "os": [
        "sunos"
      ],
      "engines": {
        "node": ">=12"
      }
    },
    "node_modules/esbuild/node_modules/@esbuild/win32-arm64": {
      "version": "0.16.16",
      "resolved": "https://registry.npmmirror.com/@esbuild/win32-arm64/-/win32-arm64-0.16.16.tgz",
      "integrity": "sha512-pdD+M1ZOFy4hE15ZyPX09fd5g4DqbbL1wXGY90YmleVS6Y5YlraW4BvHjim/X/4yuCpTsAFvsT4Nca2lbyDH/A==",
      "cpu": [
        "arm64"
      ],
      "dev": true,
      "optional": true,
      "os": [
        "win32"
      ],
      "engines": {
        "node": ">=12"
      }
    },
    "node_modules/esbuild/node_modules/@esbuild/win32-ia32": {
      "version": "0.16.16",
      "resolved": "https://registry.npmmirror.com/@esbuild/win32-ia32/-/win32-ia32-0.16.16.tgz",
      "integrity": "sha512-IPEMfU9p0c3Vb8PqxaPX6BM9rYwlTZGYOf9u+kMdhoILZkVKEjq6PKZO0lB+isojWwAnAqh4ZxshD96njTXajg==",
      "cpu": [
        "ia32"
      ],
      "dev": true,
      "optional": true,
      "os": [
        "win32"
      ],
      "engines": {
        "node": ">=12"
      }
    },
    "node_modules/estree-walker": {
      "version": "2.0.2",
      "license": "MIT"
    },
    "node_modules/function-bind": {
      "version": "1.1.1",
      "dev": true,
      "license": "MIT"
    },
    "node_modules/has": {
      "version": "1.0.3",
      "dev": true,
      "license": "MIT",
      "dependencies": {
        "function-bind": "^1.1.1"
      },
      "engines": {
        "node": ">= 0.4.0"
      }
    },
    "node_modules/he": {
      "version": "1.2.0",
      "dev": true,
      "license": "MIT",
      "bin": {
        "he": "bin/he"
      }
    },
    "node_modules/is-core-module": {
      "version": "2.11.0",
      "dev": true,
      "license": "MIT",
      "dependencies": {
        "has": "^1.0.3"
      },
      "funding": {
        "url": "https://github.com/sponsors/ljharb"
      }
    },
    "node_modules/magic-string": {
      "version": "0.25.9",
      "license": "MIT",
      "dependencies": {
        "sourcemap-codec": "^1.4.8"
      }
    },
    "node_modules/minimatch": {
      "version": "5.1.2",
      "dev": true,
      "license": "ISC",
      "dependencies": {
        "brace-expansion": "^2.0.1"
      },
      "engines": {
        "node": ">=10"
      }
    },
    "node_modules/muggle-string": {
      "version": "0.1.0",
      "dev": true,
      "license": "MIT"
    },
    "node_modules/nanoid": {
      "version": "3.3.4",
      "license": "MIT",
      "bin": {
        "nanoid": "bin/nanoid.cjs"
      },
      "engines": {
        "node": "^10 || ^12 || ^13.7 || ^14 || >=15.0.1"
      }
    },
    "node_modules/path-parse": {
      "version": "1.0.7",
      "dev": true,
      "license": "MIT"
    },
    "node_modules/picocolors": {
      "version": "1.0.0",
      "license": "ISC"
    },
    "node_modules/pinia": {
      "version": "2.0.28",
      "resolved": "https://registry.npmmirror.com/pinia/-/pinia-2.0.28.tgz",
      "integrity": "sha512-YClq9DkqCblq9rlyUual7ezMu/iICWdBtfJrDt4oWU9Zxpijyz7xB2xTwx57DaBQ96UGvvTMORzALr+iO5PVMw==",
      "dependencies": {
        "@vue/devtools-api": "^6.4.5",
        "vue-demi": "*"
      },
      "peerDependencies": {
        "@vue/composition-api": "^1.4.0",
        "typescript": ">=4.4.4",
        "vue": "^2.6.14 || ^3.2.0"
      },
      "peerDependenciesMeta": {
        "@vue/composition-api": {
          "optional": true
        },
        "typescript": {
          "optional": true
        }
      }
    },
    "node_modules/pinia/node_modules/vue-demi": {
      "version": "0.13.11",
      "resolved": "https://registry.npmmirror.com/vue-demi/-/vue-demi-0.13.11.tgz",
      "integrity": "sha512-IR8HoEEGM65YY3ZJYAjMlKygDQn25D5ajNFNoKh9RSDMQtlzCxtfQjdQgv9jjK+m3377SsJXY8ysq8kLCZL25A==",
      "hasInstallScript": true,
      "bin": {
        "vue-demi-fix": "bin/vue-demi-fix.js",
        "vue-demi-switch": "bin/vue-demi-switch.js"
      },
      "engines": {
        "node": ">=12"
      },
      "peerDependencies": {
        "@vue/composition-api": "^1.0.0-rc.1",
        "vue": "^3.0.0-0 || ^2.6.0"
      },
      "peerDependenciesMeta": {
        "@vue/composition-api": {
          "optional": true
        }
      }
    },
    "node_modules/postcss": {
      "version": "8.4.21",
      "funding": [
        {
          "type": "opencollective",
          "url": "https://opencollective.com/postcss/"
        },
        {
          "type": "tidelift",
          "url": "https://tidelift.com/funding/github/npm/postcss"
        }
      ],
      "license": "MIT",
      "dependencies": {
        "nanoid": "^3.3.4",
        "picocolors": "^1.0.0",
        "source-map-js": "^1.0.2"
      },
      "engines": {
        "node": "^10 || ^12 || >=14"
      }
    },
    "node_modules/resolve": {
      "version": "1.22.1",
      "dev": true,
      "license": "MIT",
      "dependencies": {
        "is-core-module": "^2.9.0",
        "path-parse": "^1.0.7",
        "supports-preserve-symlinks-flag": "^1.0.0"
      },
      "bin": {
        "resolve": "bin/resolve"
      },
      "funding": {
        "url": "https://github.com/sponsors/ljharb"
      }
    },
    "node_modules/rollup": {
      "version": "3.9.1",
      "dev": true,
      "license": "MIT",
      "bin": {
        "rollup": "dist/bin/rollup"
      },
      "engines": {
        "node": ">=14.18.0",
        "npm": ">=8.0.0"
      },
      "optionalDependencies": {
        "fsevents": "~2.3.2"
      }
    },
    "node_modules/rollup/node_modules/fsevents": {
      "version": "2.3.2",
      "resolved": "https://registry.npmmirror.com/fsevents/-/fsevents-2.3.2.tgz",
      "integrity": "sha512-xiqMQR4xAeHTuB9uWm+fFRcIOgKBMiOBP+eXiyT7jsgVCq1bkVygt00oASowB7EdtpOHaaPgKt812P9ab+DDKA==",
      "dev": true,
      "hasInstallScript": true,
      "optional": true,
      "os": [
        "darwin"
      ],
      "engines": {
        "node": "^8.16.0 || ^10.6.0 || >=11.0.0"
      }
    },
    "node_modules/source-map": {
      "version": "0.6.1",
      "license": "BSD-3-Clause",
      "engines": {
        "node": ">=0.10.0"
      }
    },
    "node_modules/source-map-js": {
      "version": "1.0.2",
      "license": "BSD-3-Clause",
      "engines": {
        "node": ">=0.10.0"
      }
    },
    "node_modules/sourcemap-codec": {
      "version": "1.4.8",
      "license": "MIT"
    },
    "node_modules/supports-preserve-symlinks-flag": {
      "version": "1.0.0",
      "dev": true,
      "license": "MIT",
      "engines": {
        "node": ">= 0.4"
      },
      "funding": {
        "url": "https://github.com/sponsors/ljharb"
      }
    },
    "node_modules/typescript": {
      "version": "4.9.4",
      "resolved": "https://registry.npmmirror.com/typescript/-/typescript-4.9.4.tgz",
      "integrity": "sha512-Uz+dTXYzxXXbsFpM86Wh3dKCxrQqUcVMxwU54orwlJjOpO3ao8L7j5lH+dWfTwgCwIuM9GQ2kvVotzYJMXTBZg==",
      "devOptional": true,
      "bin": {
        "tsc": "bin/tsc",
        "tsserver": "bin/tsserver"
      },
      "engines": {
        "node": ">=4.2.0"
      }
    },
    "node_modules/vite": {
      "version": "4.0.4",
      "dev": true,
      "license": "MIT",
      "dependencies": {
        "esbuild": "^0.16.3",
        "postcss": "^8.4.20",
        "resolve": "^1.22.1",
        "rollup": "^3.7.0"
      },
      "bin": {
        "vite": "bin/vite.js"
      },
      "engines": {
        "node": "^14.18.0 || >=16.0.0"
      },
      "optionalDependencies": {
        "fsevents": "~2.3.2"
      },
      "peerDependencies": {
        "@types/node": ">= 14",
        "less": "*",
        "sass": "*",
        "stylus": "*",
        "sugarss": "*",
        "terser": "^5.4.0"
      },
      "peerDependenciesMeta": {
        "@types/node": {
          "optional": true
        },
        "less": {
          "optional": true
        },
        "sass": {
          "optional": true
        },
        "stylus": {
          "optional": true
        },
        "sugarss": {
          "optional": true
        },
        "terser": {
          "optional": true
        }
      }
    },
    "node_modules/vite/node_modules/fsevents": {
      "version": "2.3.2",
      "resolved": "https://registry.npmmirror.com/fsevents/-/fsevents-2.3.2.tgz",
      "integrity": "sha512-xiqMQR4xAeHTuB9uWm+fFRcIOgKBMiOBP+eXiyT7jsgVCq1bkVygt00oASowB7EdtpOHaaPgKt812P9ab+DDKA==",
      "dev": true,
      "hasInstallScript": true,
      "optional": true,
      "os": [
        "darwin"
      ],
      "engines": {
        "node": "^8.16.0 || ^10.6.0 || >=11.0.0"
      }
    },
    "node_modules/vue": {
      "version": "3.2.45",
      "license": "MIT",
      "dependencies": {
        "@vue/compiler-dom": "3.2.45",
        "@vue/compiler-sfc": "3.2.45",
        "@vue/runtime-dom": "3.2.45",
        "@vue/server-renderer": "3.2.45",
        "@vue/shared": "3.2.45"
      }
    },
    "node_modules/vue-router": {
      "version": "4.1.6",
      "resolved": "https://registry.npmmirror.com/vue-router/-/vue-router-4.1.6.tgz",
      "integrity": "sha512-DYWYwsG6xNPmLq/FmZn8Ip+qrhFEzA14EI12MsMgVxvHFDYvlr4NXpVF5hrRH1wVcDP8fGi5F4rxuJSl8/r+EQ==",
      "dependencies": {
        "@vue/devtools-api": "^6.4.5"
      },
      "peerDependencies": {
        "vue": "^3.2.0"
      }
    },
    "node_modules/vue-template-compiler": {
      "version": "2.7.14",
      "dev": true,
      "license": "MIT",
      "dependencies": {
        "de-indent": "^1.0.2",
        "he": "^1.2.0"
      }
    },
    "node_modules/vue-tsc": {
      "version": "1.0.24",
      "dev": true,
      "license": "MIT",
      "dependencies": {
        "@volar/vue-language-core": "1.0.24",
        "@volar/vue-typescript": "1.0.24"
      },
      "bin": {
        "vue-tsc": "bin/vue-tsc.js"
      },
      "peerDependencies": {
        "typescript": "*"
      }
    }
  },
  "dependencies": {
    "@babel/parser": {
      "version": "7.20.7"
    },
    "@esbuild/win32-x64": {
      "version": "0.16.16",
      "dev": true,
      "optional": true
    },
    "@types/node": {
      "version": "18.11.18",
      "resolved": "https://registry.npmmirror.com/@types/node/-/node-18.11.18.tgz",
      "integrity": "sha512-DHQpWGjyQKSHj3ebjFI/wRKcqQcdR+MoFBygntYOZytCqNfkd2ZC4ARDJ2DQqhjH5p85Nnd3jhUJIXrszFX/JA==",
      "dev": true
    },
    "@vitejs/plugin-vue": {
      "version": "4.0.0",
      "dev": true,
      "requires": {}
    },
    "@volar/language-core": {
      "version": "1.0.24",
      "dev": true,
      "requires": {
        "@volar/source-map": "1.0.24",
        "muggle-string": "^0.1.0"
      }
    },
    "@volar/source-map": {
      "version": "1.0.24",
      "dev": true,
      "requires": {
        "muggle-string": "^0.1.0"
      }
    },
    "@volar/typescript": {
      "version": "1.0.24",
      "dev": true,
      "requires": {
        "@volar/language-core": "1.0.24"
      }
    },
    "@volar/vue-language-core": {
      "version": "1.0.24",
      "dev": true,
      "requires": {
        "@volar/language-core": "1.0.24",
        "@volar/source-map": "1.0.24",
        "@vue/compiler-dom": "^3.2.45",
        "@vue/compiler-sfc": "^3.2.45",
        "@vue/reactivity": "^3.2.45",
        "@vue/shared": "^3.2.45",
        "minimatch": "^5.1.1",
        "vue-template-compiler": "^2.7.14"
      }
    },
    "@volar/vue-typescript": {
      "version": "1.0.24",
      "dev": true,
      "requires": {
        "@volar/typescript": "1.0.24",
        "@volar/vue-language-core": "1.0.24"
      }
    },
    "@vue/compiler-core": {
      "version": "3.2.45",
      "requires": {
        "@babel/parser": "^7.16.4",
        "@vue/shared": "3.2.45",
        "estree-walker": "^2.0.2",
        "source-map": "^0.6.1"
      }
    },
    "@vue/compiler-dom": {
      "version": "3.2.45",
      "requires": {
        "@vue/compiler-core": "3.2.45",
        "@vue/shared": "3.2.45"
      }
    },
    "@vue/compiler-sfc": {
      "version": "3.2.45",
      "requires": {
        "@babel/parser": "^7.16.4",
        "@vue/compiler-core": "3.2.45",
        "@vue/compiler-dom": "3.2.45",
        "@vue/compiler-ssr": "3.2.45",
        "@vue/reactivity-transform": "3.2.45",
        "@vue/shared": "3.2.45",
        "estree-walker": "^2.0.2",
        "magic-string": "^0.25.7",
        "postcss": "^8.1.10",
        "source-map": "^0.6.1"
      }
    },
    "@vue/compiler-ssr": {
      "version": "3.2.45",
      "requires": {
        "@vue/compiler-dom": "3.2.45",
        "@vue/shared": "3.2.45"
      }
    },
    "@vue/devtools-api": {
      "version": "6.4.5",
      "resolved": "https://registry.npmmirror.com/@vue/devtools-api/-/devtools-api-6.4.5.tgz",
      "integrity": "sha512-JD5fcdIuFxU4fQyXUu3w2KpAJHzTVdN+p4iOX2lMWSHMOoQdMAcpFLZzm9Z/2nmsoZ1a96QEhZ26e50xLBsgOQ=="
    },
    "@vue/reactivity": {
      "version": "3.2.45",
      "requires": {
        "@vue/shared": "3.2.45"
      }
    },
    "@vue/reactivity-transform": {
      "version": "3.2.45",
      "requires": {
        "@babel/parser": "^7.16.4",
        "@vue/compiler-core": "3.2.45",
        "@vue/shared": "3.2.45",
        "estree-walker": "^2.0.2",
        "magic-string": "^0.25.7"
      }
    },
    "@vue/runtime-core": {
      "version": "3.2.45",
      "requires": {
        "@vue/reactivity": "3.2.45",
        "@vue/shared": "3.2.45"
      }
    },
    "@vue/runtime-dom": {
      "version": "3.2.45",
      "requires": {
        "@vue/runtime-core": "3.2.45",
        "@vue/shared": "3.2.45",
        "csstype": "^2.6.8"
      }
    },
    "@vue/server-renderer": {
      "version": "3.2.45",
      "requires": {
        "@vue/compiler-ssr": "3.2.45",
        "@vue/shared": "3.2.45"
      }
    },
    "@vue/shared": {
      "version": "3.2.45"
    },
    "balanced-match": {
      "version": "1.0.2",
      "dev": true
    },
    "brace-expansion": {
      "version": "2.0.1",
      "dev": true,
      "requires": {
        "balanced-match": "^1.0.0"
      }
    },
    "csstype": {
      "version": "2.6.21"
    },
    "de-indent": {
      "version": "1.0.2",
      "dev": true
    },
    "esbuild": {
      "version": "0.16.16",
      "dev": true,
      "requires": {
        "@esbuild/android-arm": "0.16.16",
        "@esbuild/android-arm64": "0.16.16",
        "@esbuild/android-x64": "0.16.16",
        "@esbuild/darwin-arm64": "0.16.16",
        "@esbuild/darwin-x64": "0.16.16",
        "@esbuild/freebsd-arm64": "0.16.16",
        "@esbuild/freebsd-x64": "0.16.16",
        "@esbuild/linux-arm": "0.16.16",
        "@esbuild/linux-arm64": "0.16.16",
        "@esbuild/linux-ia32": "0.16.16",
        "@esbuild/linux-loong64": "0.16.16",
        "@esbuild/linux-mips64el": "0.16.16",
        "@esbuild/linux-ppc64": "0.16.16",
        "@esbuild/linux-riscv64": "0.16.16",
        "@esbuild/linux-s390x": "0.16.16",
        "@esbuild/linux-x64": "0.16.16",
        "@esbuild/netbsd-x64": "0.16.16",
        "@esbuild/openbsd-x64": "0.16.16",
        "@esbuild/sunos-x64": "0.16.16",
        "@esbuild/win32-arm64": "0.16.16",
        "@esbuild/win32-ia32": "0.16.16",
        "@esbuild/win32-x64": "0.16.16"
      },
      "dependencies": {
        "@esbuild/android-arm": {
          "version": "0.16.16",
          "resolved": "https://registry.npmmirror.com/@esbuild/android-arm/-/android-arm-0.16.16.tgz",
          "integrity": "sha512-BUuWMlt4WSXod1HSl7aGK8fJOsi+Tab/M0IDK1V1/GstzoOpqc/v3DqmN8MkuapPKQ9Br1WtLAN4uEgWR8x64A==",
          "dev": true,
          "optional": true
        },
        "@esbuild/android-arm64": {
          "version": "0.16.16",
          "resolved": "https://registry.npmmirror.com/@esbuild/android-arm64/-/android-arm64-0.16.16.tgz",
          "integrity": "sha512-hFHVAzUKp9Tf8psGq+bDVv+6hTy1bAOoV/jJMUWwhUnIHsh6WbFMhw0ZTkqDuh7TdpffFoHOiIOIxmHc7oYRBQ==",
          "dev": true,
          "optional": true
        },
        "@esbuild/android-x64": {
          "version": "0.16.16",
          "resolved": "https://registry.npmmirror.com/@esbuild/android-x64/-/android-x64-0.16.16.tgz",
          "integrity": "sha512-9WhxJpeb6XumlfivldxqmkJepEcELekmSw3NkGrs+Edq6sS5KRxtUBQuKYDD7KqP59dDkxVbaoPIQFKWQG0KLg==",
          "dev": true,
          "optional": true
        },
        "@esbuild/darwin-arm64": {
          "version": "0.16.16",
          "resolved": "https://registry.npmmirror.com/@esbuild/darwin-arm64/-/darwin-arm64-0.16.16.tgz",
          "integrity": "sha512-8Z+wld+vr/prHPi2O0X7o1zQOfMbXWGAw9hT0jEyU/l/Yrg+0Z3FO9pjPho72dVkZs4ewZk0bDOFLdZHm8jEfw==",
          "dev": true,
          "optional": true
        },
        "@esbuild/darwin-x64": {
          "version": "0.16.16",
          "resolved": "https://registry.npmmirror.com/@esbuild/darwin-x64/-/darwin-x64-0.16.16.tgz",
          "integrity": "sha512-CYkxVvkZzGCqFrt7EgjFxQKhlUPyDkuR9P0Y5wEcmJqVI8ncerOIY5Kej52MhZyzOBXkYrJgZeVZC9xXXoEg9A==",
          "dev": true,
          "optional": true
        },
        "@esbuild/freebsd-arm64": {
          "version": "0.16.16",
          "resolved": "https://registry.npmmirror.com/@esbuild/freebsd-arm64/-/freebsd-arm64-0.16.16.tgz",
          "integrity": "sha512-fxrw4BYqQ39z/3Ja9xj/a1gMsVq0xEjhSyI4a9MjfvDDD8fUV8IYliac96i7tzZc3+VytyXX+XNsnpEk5sw5Wg==",
          "dev": true,
          "optional": true
        },
        "@esbuild/freebsd-x64": {
          "version": "0.16.16",
          "resolved": "https://registry.npmmirror.com/@esbuild/freebsd-x64/-/freebsd-x64-0.16.16.tgz",
          "integrity": "sha512-8p3v1D+du2jiDvSoNVimHhj7leSfST9YlKsAEO7etBfuqjaBMndo0fmjNLp0JCMld+XIx9L80tooOkyUv1a1PQ==",
          "dev": true,
          "optional": true
        },
        "@esbuild/linux-arm": {
          "version": "0.16.16",
          "resolved": "https://registry.npmmirror.com/@esbuild/linux-arm/-/linux-arm-0.16.16.tgz",
          "integrity": "sha512-bYaocE1/PTMRmkgSckZ0D0Xn2nox8v2qlk+MVVqm+VECNKDdZvghVZtH41dNtBbwADSvA6qkCHGYeWm9LrNCBw==",
          "dev": true,
          "optional": true
        },
        "@esbuild/linux-arm64": {
          "version": "0.16.16",
          "resolved": "https://registry.npmmirror.com/@esbuild/linux-arm64/-/linux-arm64-0.16.16.tgz",
          "integrity": "sha512-N3u6BBbCVY3xeP2D8Db7QY8I+nZ+2AgOopUIqk+5yCoLnsWkcVxD2ay5E9iIdvApFi1Vg1lZiiwaVp8bOpAc4A==",
          "dev": true,
          "optional": true
        },
        "@esbuild/linux-ia32": {
          "version": "0.16.16",
          "resolved": "https://registry.npmmirror.com/@esbuild/linux-ia32/-/linux-ia32-0.16.16.tgz",
          "integrity": "sha512-dxjqLKUW8GqGemoRT9v8IgHk+T4tRm1rn1gUcArsp26W9EkK/27VSjBVUXhEG5NInHZ92JaQ3SSMdTwv/r9a2A==",
          "dev": true,
          "optional": true
        },
        "@esbuild/linux-loong64": {
          "version": "0.16.16",
          "resolved": "https://registry.npmmirror.com/@esbuild/linux-loong64/-/linux-loong64-0.16.16.tgz",
          "integrity": "sha512-MdUFggHjRiCCwNE9+1AibewoNq6wf94GLB9Q9aXwl+a75UlRmbRK3h6WJyrSGA6ZstDJgaD2wiTSP7tQNUYxwA==",
          "dev": true,
          "optional": true
        },
        "@esbuild/linux-mips64el": {
          "version": "0.16.16",
          "resolved": "https://registry.npmmirror.com/@esbuild/linux-mips64el/-/linux-mips64el-0.16.16.tgz",
          "integrity": "sha512-CO3YmO7jYMlGqGoeFeKzdwx/bx8Vtq/SZaMAi+ZLDUnDUdfC7GmGwXzIwDJ70Sg+P9pAemjJyJ1icKJ9R3q/Fg==",
          "dev": true,
          "optional": true
        },
        "@esbuild/linux-ppc64": {
          "version": "0.16.16",
          "resolved": "https://registry.npmmirror.com/@esbuild/linux-ppc64/-/linux-ppc64-0.16.16.tgz",
          "integrity": "sha512-DSl5Czh5hCy/7azX0Wl9IdzPHX2H8clC6G87tBnZnzUpNgRxPFhfmArbaHoAysu4JfqCqbB/33u/GL9dUgCBAw==",
          "dev": true,
          "optional": true
        },
        "@esbuild/linux-riscv64": {
          "version": "0.16.16",
          "resolved": "https://registry.npmmirror.com/@esbuild/linux-riscv64/-/linux-riscv64-0.16.16.tgz",
          "integrity": "sha512-sSVVMEXsqf1fQu0j7kkhXMViroixU5XoaJXl1u/u+jbXvvhhCt9YvA/B6VM3aM/77HuRQ94neS5bcisijGnKFQ==",
          "dev": true,
          "optional": true
        },
        "@esbuild/linux-s390x": {
          "version": "0.16.16",
          "resolved": "https://registry.npmmirror.com/@esbuild/linux-s390x/-/linux-s390x-0.16.16.tgz",
          "integrity": "sha512-jRqBCre9gZGoCdCN/UWCCMwCMsOg65IpY9Pyj56mKCF5zXy9d60kkNRdDN6YXGjr3rzcC4DXnS/kQVCGcC4yPQ==",
          "dev": true,
          "optional": true
        },
        "@esbuild/linux-x64": {
          "version": "0.16.16",
          "resolved": "https://registry.npmmirror.com/@esbuild/linux-x64/-/linux-x64-0.16.16.tgz",
          "integrity": "sha512-G1+09TopOzo59/55lk5Q0UokghYLyHTKKzD5lXsAOOlGDbieGEFJpJBr3BLDbf7cz89KX04sBeExAR/pL/26sA==",
          "dev": true,
          "optional": true
        },
        "@esbuild/netbsd-x64": {
          "version": "0.16.16",
          "resolved": "https://registry.npmmirror.com/@esbuild/netbsd-x64/-/netbsd-x64-0.16.16.tgz",
          "integrity": "sha512-xwjGJB5wwDEujLaJIrSMRqWkbigALpBNcsF9SqszoNKc+wY4kPTdKrSxiY5ik3IatojePP+WV108MvF6q6np4w==",
          "dev": true,
          "optional": true
        },
        "@esbuild/openbsd-x64": {
          "version": "0.16.16",
          "resolved": "https://registry.npmmirror.com/@esbuild/openbsd-x64/-/openbsd-x64-0.16.16.tgz",
          "integrity": "sha512-yeERkoxG2nR2oxO5n+Ms7MsCeNk23zrby2GXCqnfCpPp7KNc0vxaaacIxb21wPMfXXRhGBrNP4YLIupUBrWdlg==",
          "dev": true,
          "optional": true
        },
        "@esbuild/sunos-x64": {
          "version": "0.16.16",
          "resolved": "https://registry.npmmirror.com/@esbuild/sunos-x64/-/sunos-x64-0.16.16.tgz",
          "integrity": "sha512-nHfbEym0IObXPhtX6Va3H5GaKBty2kdhlAhKmyCj9u255ktAj0b1YACUs9j5H88NRn9cJCthD1Ik/k9wn8YKVg==",
          "dev": true,
          "optional": true
        },
        "@esbuild/win32-arm64": {
          "version": "0.16.16",
          "resolved": "https://registry.npmmirror.com/@esbuild/win32-arm64/-/win32-arm64-0.16.16.tgz",
          "integrity": "sha512-pdD+M1ZOFy4hE15ZyPX09fd5g4DqbbL1wXGY90YmleVS6Y5YlraW4BvHjim/X/4yuCpTsAFvsT4Nca2lbyDH/A==",
          "dev": true,
          "optional": true
        },
        "@esbuild/win32-ia32": {
          "version": "0.16.16",
          "resolved": "https://registry.npmmirror.com/@esbuild/win32-ia32/-/win32-ia32-0.16.16.tgz",
          "integrity": "sha512-IPEMfU9p0c3Vb8PqxaPX6BM9rYwlTZGYOf9u+kMdhoILZkVKEjq6PKZO0lB+isojWwAnAqh4ZxshD96njTXajg==",
          "dev": true,
          "optional": true
        }
      }
    },
    "estree-walker": {
      "version": "2.0.2"
    },
    "function-bind": {
      "version": "1.1.1",
      "dev": true
    },
    "has": {
      "version": "1.0.3",
      "dev": true,
      "requires": {
        "function-bind": "^1.1.1"
      }
    },
    "he": {
      "version": "1.2.0",
      "dev": true
    },
    "is-core-module": {
      "version": "2.11.0",
      "dev": true,
      "requires": {
        "has": "^1.0.3"
      }
    },
    "magic-string": {
      "version": "0.25.9",
      "requires": {
        "sourcemap-codec": "^1.4.8"
      }
    },
    "minimatch": {
      "version": "5.1.2",
      "dev": true,
      "requires": {
        "brace-expansion": "^2.0.1"
      }
    },
    "muggle-string": {
      "version": "0.1.0",
      "dev": true
    },
    "nanoid": {
      "version": "3.3.4"
    },
    "path-parse": {
      "version": "1.0.7",
      "dev": true
    },
    "picocolors": {
      "version": "1.0.0"
    },
    "pinia": {
      "version": "2.0.28",
      "resolved": "https://registry.npmmirror.com/pinia/-/pinia-2.0.28.tgz",
      "integrity": "sha512-YClq9DkqCblq9rlyUual7ezMu/iICWdBtfJrDt4oWU9Zxpijyz7xB2xTwx57DaBQ96UGvvTMORzALr+iO5PVMw==",
      "requires": {
        "@vue/devtools-api": "^6.4.5",
        "vue-demi": "*"
      },
      "dependencies": {
        "vue-demi": {
          "version": "0.13.11",
          "resolved": "https://registry.npmmirror.com/vue-demi/-/vue-demi-0.13.11.tgz",
          "integrity": "sha512-IR8HoEEGM65YY3ZJYAjMlKygDQn25D5ajNFNoKh9RSDMQtlzCxtfQjdQgv9jjK+m3377SsJXY8ysq8kLCZL25A==",
          "requires": {}
        }
      }
    },
    "postcss": {
      "version": "8.4.21",
      "requires": {
        "nanoid": "^3.3.4",
        "picocolors": "^1.0.0",
        "source-map-js": "^1.0.2"
      }
    },
    "resolve": {
      "version": "1.22.1",
      "dev": true,
      "requires": {
        "is-core-module": "^2.9.0",
        "path-parse": "^1.0.7",
        "supports-preserve-symlinks-flag": "^1.0.0"
      }
    },
    "rollup": {
      "version": "3.9.1",
      "dev": true,
      "requires": {
        "fsevents": "~2.3.2"
      },
      "dependencies": {
        "fsevents": {
          "version": "2.3.2",
          "resolved": "https://registry.npmmirror.com/fsevents/-/fsevents-2.3.2.tgz",
          "integrity": "sha512-xiqMQR4xAeHTuB9uWm+fFRcIOgKBMiOBP+eXiyT7jsgVCq1bkVygt00oASowB7EdtpOHaaPgKt812P9ab+DDKA==",
          "dev": true,
          "optional": true
        }
      }
    },
    "source-map": {
      "version": "0.6.1"
    },
    "source-map-js": {
      "version": "1.0.2"
    },
    "sourcemap-codec": {
      "version": "1.4.8"
    },
    "supports-preserve-symlinks-flag": {
      "version": "1.0.0",
      "dev": true
    },
    "typescript": {
      "version": "4.9.4",
      "resolved": "https://registry.npmmirror.com/typescript/-/typescript-4.9.4.tgz",
      "integrity": "sha512-Uz+dTXYzxXXbsFpM86Wh3dKCxrQqUcVMxwU54orwlJjOpO3ao8L7j5lH+dWfTwgCwIuM9GQ2kvVotzYJMXTBZg==",
      "devOptional": true
    },
    "vite": {
      "version": "4.0.4",
      "dev": true,
      "requires": {
        "esbuild": "^0.16.3",
        "fsevents": "~2.3.2",
        "postcss": "^8.4.20",
        "resolve": "^1.22.1",
        "rollup": "^3.7.0"
      },
      "dependencies": {
        "fsevents": {
          "version": "2.3.2",
          "resolved": "https://registry.npmmirror.com/fsevents/-/fsevents-2.3.2.tgz",
          "integrity": "sha512-xiqMQR4xAeHTuB9uWm+fFRcIOgKBMiOBP+eXiyT7jsgVCq1bkVygt00oASowB7EdtpOHaaPgKt812P9ab+DDKA==",
          "dev": true,
          "optional": true
        }
      }
    },
    "vue": {
      "version": "3.2.45",
      "requires": {
        "@vue/compiler-dom": "3.2.45",
        "@vue/compiler-sfc": "3.2.45",
        "@vue/runtime-dom": "3.2.45",
        "@vue/server-renderer": "3.2.45",
        "@vue/shared": "3.2.45"
      }
    },
    "vue-router": {
      "version": "4.1.6",
      "resolved": "https://registry.npmmirror.com/vue-router/-/vue-router-4.1.6.tgz",
      "integrity": "sha512-DYWYwsG6xNPmLq/FmZn8Ip+qrhFEzA14EI12MsMgVxvHFDYvlr4NXpVF5hrRH1wVcDP8fGi5F4rxuJSl8/r+EQ==",
      "requires": {
        "@vue/devtools-api": "^6.4.5"
      }
    },
    "vue-template-compiler": {
      "version": "2.7.14",
      "dev": true,
      "requires": {
        "de-indent": "^1.0.2",
        "he": "^1.2.0"
      }
    },
    "vue-tsc": {
      "version": "1.0.24",
      "dev": true,
      "requires": {
        "@volar/vue-language-core": "1.0.24",
        "@volar/vue-typescript": "1.0.24"
      }
    }
  }
}
